
Microsoft Visual Studio Solution File, Format Version 12.00
# Visual Studio Version 16
VisualStudioVersion = 16.0.30114.105
MinimumVisualStudioVersion = 10.0.40219.1
Project("{FAE04EC0-301F-11D3-BF4B-00C04F79EFBC}") = "FamilyAccounting.MVC", "FamilyAccounting.MVC\FamilyAccounting.MVC.csproj", "{DCA955D0-ADFF-40C0-8354-1724AAA38C2B}"
EndProject
Global
	GlobalSection(SolutionConfigurationPlatforms) = preSolution
		Debug|Any CPU = Debug|Any CPU
		Release|Any CPU = Release|Any CPU
	EndGlobalSection
	GlobalSection(ProjectConfigurationPlatforms) = postSolution
		{DCA955D0-ADFF-40C0-8354-1724AAA38C2B}.Debug|Any CPU.ActiveCfg = Debug|Any CPU
		{DCA955D0-ADFF-40C0-8354-1724AAA38C2B}.Debug|Any CPU.Build.0 = Debug|Any CPU
		{DCA955D0-ADFF-40C0-8354-1724AAA38C2B}.Release|Any CPU.ActiveCfg = Release|Any CPU
		{DCA955D0-ADFF-40C0-8354-1724AAA38C2B}.Release|Any CPU.Build.0 = Release|Any CPU
	EndGlobalSection
	GlobalSection(SolutionProperties) = preSolution
		HideSolutionNode = FALSE
	EndGlobalSection
	GlobalSection(ExtensibilityGlobals) = postSolution
		SolutionGuid = {30A5213D-6EBD-42C8-AED2-C91DAD4E56FB}
	EndGlobalSection
EndGlobal
